# Generated by pub
# See https://dart.dev/tools/pub/glossary#lockfile
packages:
  _fe_analyzer_shared:
    dependency: transitive
    description:
      name: _fe_analyzer_shared
      sha256: "8d7ff3948166b8ec5da0fbb5962000926b8e02f2ed9b3e51d1738905fbd4c98d"
      url: "https://pub.dev"
    source: hosted
    version: "93.0.0"
  adaptive_number:
    dependency: transitive
    description:
      name: adaptive_number
      sha256: "3a567544e9b5c9c803006f51140ad544aedc79604fd4f3f2c1380003f97c1d77"
      url: "https://pub.dev"
    source: hosted
    version: "1.0.0"
  analyzer:
    dependency: transitive
    description:
      name: analyzer
      sha256: de7148ed2fcec579b19f122c1800933dfa028f6d9fd38a152b04b1516cec120b
      url: "https://pub.dev"
    source: hosted
    version: "10.0.1"
  android_file_picker:
    dependency: transitive
    description:
      name: android_file_picker
      sha256: "0d84bb91fb78af33756107f00cf71ee084474169d481b882b335c3006077a913"
      url: "https://pub.dev"
    source: hosted
    version: "1.1.0"
  archive:
    dependency: transitive
    description:
      name: archive
      sha256: a96e8b390886ee8abb49b7bd3ac8df6f451c621619f52a26e815fdcf568959ff
      url: "https://pub.dev"
    source: hosted
    version: "4.0.9"
  args:
    dependency: transitive
    description:
      name: args
      sha256: d0481093c50b1da8910eb0bb301626d4d8eb7284aa739614d2b394ee09e3ea04
      url: "https://pub.dev"
    source: hosted
    version: "2.7.0"
  asn1lib:
    dependency: transitive
    description:
      name: asn1lib
      sha256: "9a8f69025044eb466b9b60ef3bc3ac99b4dc6c158ae9c56d25eeccf5bc56d024"
      url: "https://pub.dev"
    source: hosted
    version: "1.6.5"
  async:
    dependency: transitive
    description:
      name: async
      sha256: e2eb0491ba5ddb6177742d2da23904574082139b07c1e33b8503b9f46f3e1a37
      url: "https://pub.dev"
    source: hosted
    version: "2.13.1"
  barcode:
    dependency: transitive
    description:
      name: barcode
      sha256: ab180ce22c6555d77d45f0178a523669db67f95856e3378259ef2ffeb43e6003
      url: "https://pub.dev"
    source: hosted
    version: "2.2.8"
  bidi:
    dependency: transitive
    description:
      name: bidi
      sha256: "1a7d0c696324b2089f72e7671fd1f1f64fef44c980f3cebc84e803967c597b63"
      url: "https://pub.dev"
    source: hosted
    version: "2.0.10"
  boolean_selector:
    dependency: transitive
    description:
      name: boolean_selector
      sha256: "6cfb5af12253eaf2b368f07bacc5a80d1301a071c73360d746b7f2e32d762c66"
      url: "https://pub.dev"
    source: hosted
    version: "2.1.1"
  characters:
    dependency: transitive
    description:
      name: characters
      sha256: faf38497bda5ead2a8c7615f4f7939df04333478bf32e4173fcb06d428b5716b
      url: "https://pub.dev"
    source: hosted
    version: "1.4.1"
  charcode:
    dependency: transitive
    description:
      name: charcode
      sha256: fb98c0f6d12c920a02ee2d998da788bca066ca5f148492b7085ee23372b12306
      url: "https://pub.dev"
    source: hosted
    version: "1.3.1"
  cli_config:
    dependency: transitive
    description:
      name: cli_config
      sha256: ac20a183a07002b700f0c25e61b7ee46b23c309d76ab7b7640a028f18e4d99ec
      url: "https://pub.dev"
    source: hosted
    version: "0.2.0"
  clock:
    dependency: transitive
    description:
      name: clock
      sha256: fddb70d9b5277016c77a80201021d40a2247104d9f4aa7bab7157b7e3f05b84b
      url: "https://pub.dev"
    source: hosted
    version: "1.1.2"
  collection:
    dependency: transitive
    description:
      name: collection
      sha256: "2f5709ae4d3d59dd8f7cd309b4e023046b57d8a6c82130785d2b0e5868084e76"
      url: "https://pub.dev"
    source: hosted
    version: "1.19.1"
  convert:
    dependency: transitive
    description:
      name: convert
      sha256: b30acd5944035672bc15c6b7a8b47d773e41e2f17de064350988c5d02adb1c68
      url: "https://pub.dev"
    source: hosted
    version: "3.1.2"
  copy_with_extension:
    dependency: transitive
    description:
      name: copy_with_extension
      sha256: "4e37b3a0376fc7e981be911efba812845c75447b0d17c931faca9d972d335d1d"
      url: "https://pub.dev"
    source: hosted
    version: "15.0.1"
  coverage:
    dependency: transitive
    description:
      name: coverage
      sha256: "5da775aa218eaf2151c721b16c01c7676fbfdd99cebba2bf64e8b807a28ff94d"
      url: "https://pub.dev"
    source: hosted
    version: "1.15.0"
  cross_file:
    dependency: transitive
    description:
      name: cross_file
      sha256: f141ea4f277af142a0356955707f6556f37b03947d39d55585981a06ca437bd6
      url: "https://pub.dev"
    source: hosted
    version: "0.3.5+5"
  crypto:
    dependency: transitive
    description:
      name: crypto
      sha256: c8ea0233063ba03258fbcf2ca4d6dadfefe14f02fab57702265467a19f27fadf
      url: "https://pub.dev"
    source: hosted
    version: "3.0.7"
  crypto_keys_plus:
    dependency: transitive
    description:
      name: crypto_keys_plus
      sha256: cfbca6a1e706bc6c964d6e766cfc5ecd5f8c5a77c073b273afbd785be045ebda
      url: "https://pub.dev"
    source: hosted
    version: "1.0.0"
  cryptography_plus:
    dependency: transitive
    description:
      name: cryptography_plus
      sha256: edf96fc96518368b11bb1ba33b515f59aa5a55b0aa7533c0e1813399cf81130e
      url: "https://pub.dev"
    source: hosted
    version: "3.0.0"
  csslib:
    dependency: transitive
    description:
      name: csslib
      sha256: "09bad715f418841f976c77db72d5398dc1253c21fb9c0c7f0b0b985860b2d58e"
      url: "https://pub.dev"
    source: hosted
    version: "1.0.2"
  cupertino_icons:
    dependency: "direct main"
    description:
      name: cupertino_icons
      sha256: "41e005c33bd814be4d3096aff55b1908d419fde52ca656c8c47719ec745873cd"
      url: "https://pub.dev"
    source: hosted
    version: "1.0.9"
  dart_jsonwebtoken:
    dependency: transitive
    description:
      name: dart_jsonwebtoken
      sha256: "0de65691c1d736e9459f22f654ddd6fd8368a271d4e41aa07e53e6301eff5075"
      url: "https://pub.dev"
    source: hosted
    version: "3.3.1"
  dbus:
    dependency: transitive
    description:
      name: dbus
      sha256: a48d5da28e89bd02196e80d81ed8d7954923d00a0f4a68cc20b575038f023383
      url: "https://pub.dev"
    source: hosted
    version: "0.7.15"
  ed25519_edwards:
    dependency: transitive
    description:
      name: ed25519_edwards
      sha256: "6ce0112d131327ec6d42beede1e5dfd526069b18ad45dcf654f15074ad9276cd"
      url: "https://pub.dev"
    source: hosted
    version: "0.3.1"
  encrypter_plus:
    dependency: transitive
    description:
      name: encrypter_plus
      sha256: "6f6f3c73e26058af4fd138369a928ccae667e45d254cf6ded6301a2d99551a67"
      url: "https://pub.dev"
    source: hosted
    version: "5.1.0"
  fake_async:
    dependency: transitive
    description:
      name: fake_async
      sha256: "5368f224a74523e8d2e7399ea1638b37aecfca824a3cc4dfdf77bf1fa905ac44"
      url: "https://pub.dev"
    source: hosted
    version: "1.3.3"
  fast_rsa:
    dependency: transitive
    description:
      name: fast_rsa
      sha256: "3332ab9023288310ceaf990e4567e68adff6c2ef5cbe4a742866754016f0b943"
      url: "https://pub.dev"
    source: hosted
    version: "3.8.6"
  ffi:
    dependency: transitive
    description:
      name: ffi
      sha256: "6d7fd89431262d8f3125e81b50d3847a091d846eafcd4fdb88dd06f36d705a45"
      url: "https://pub.dev"
    source: hosted
    version: "2.2.0"
  ffi_leak_tracker:
    dependency: transitive
    description:
      name: ffi_leak_tracker
      sha256: "4093d4ef9ca06ffe2786e73bfb25e22aa92112b9bb4ec941f11e3e6b61489a97"
      url: "https://pub.dev"
    source: hosted
    version: "0.1.2"
  file:
    dependency: transitive
    description:
      name: file
      sha256: a3b4f84adafef897088c160faf7dfffb7696046cb13ae90b508c2cbc95d3b8d4
      url: "https://pub.dev"
    source: hosted
    version: "7.0.1"
  file_picker:
    dependency: "direct main"
    description:
      name: file_picker
      sha256: "0631f51bbc2e1184bdc9e79384db158dc7830e15b3001feeca700e86563f4d24"
      url: "https://pub.dev"
    source: hosted
    version: "12.2.0"
  file_picker_darwin:
    dependency: transitive
    description:
      name: file_picker_darwin
      sha256: "5c32c9400f5c8976c9dd7aa34693c7d2f0c853c28704a1c1409029cb760f5251"
      url: "https://pub.dev"
    source: hosted
    version: "1.1.0"
  file_picker_linux:
    dependency: transitive
    description:
      name: file_picker_linux
      sha256: bd52ff1e0048f29df95f913c55ad2991c72791d93e6c42241912c4bdee946cb9
      url: "https://pub.dev"
    source: hosted
    version: "1.1.0"
  file_picker_platform_interface:
    dependency: transitive
    description:
      name: file_picker_platform_interface
      sha256: d35d8cb68446fae921335bb61501d66cb2469d74c8f3103b8c6ccdbe3fe5afd8
      url: "https://pub.dev"
    source: hosted
    version: "3.3.0"
  file_picker_web:
    dependency: transitive
    description:
      name: file_picker_web
      sha256: "935560a9d29fa6f006f2855addebb88e88d438e13627d4cc24187033c106f227"
      url: "https://pub.dev"
    source: hosted
    version: "3.1.0"
  fixnum:
    dependency: transitive
    description:
      name: fixnum
      sha256: "25517a4deb0c03aa0f32fd12db525856438902d9c16536311e76cdc57b31d7d1"
      url: "https://pub.dev"
    source: hosted
    version: "1.1.0"
  flat_buffers:
    dependency: transitive
    description:
      name: flat_buffers
      sha256: "380bdcba5664a718bfd4ea20a45d39e13684f5318fcd8883066a55e21f37f4c3"
      url: "https://pub.dev"
    source: hosted
    version: "23.5.26"
  flutter:
    dependency: "direct main"
    description: flutter
    source: sdk
    version: "0.0.0"
  flutter_form_builder:
    dependency: transitive
    description:
      name: flutter_form_builder
      sha256: "1233251b4bc1d5deb245745d2a89dcebf4cdd382e1ec3f21f1c6703b700e574f"
      url: "https://pub.dev"
    source: hosted
    version: "10.3.0+2"
  flutter_lints:
    dependency: "direct dev"
    description:
      name: flutter_lints
      sha256: "3105dc8492f6183fb076ccf1f351ac3d60564bff92e20bfc4af9cc1651f4e7e1"
      url: "https://pub.dev"
    source: hosted
    version: "6.0.0"
  flutter_localizations:
    dependency: transitive
    description: flutter
    source: sdk
    version: "0.0.0"
  flutter_markdown:
    dependency: transitive
    description:
      name: flutter_markdown
      sha256: "08fb8315236099ff8e90cb87bb2b935e0a724a3af1623000a9cec930468e0f27"
      url: "https://pub.dev"
    source: hosted
    version: "0.7.7+1"
  flutter_markdown_plus:
    dependency: transitive
    description:
      name: flutter_markdown_plus
      sha256: fce641d6c2106cc495de1cd603f97a4f9d615a97a64011928ded380dbdade935
      url: "https://pub.dev"
    source: hosted
    version: "1.0.12"
  flutter_pdfview:
    dependency: "direct main"
    description:
      name: flutter_pdfview
      sha256: "5b80e89f3ba6e478d1e897543c9634508284ad73476807febc188378986b69ee"
      url: "https://pub.dev"
    source: hosted
    version: "1.4.4"
  flutter_riverpod:
    dependency: "direct main"
    description:
      name: flutter_riverpod
      sha256: "4e166be88e1dbbaa34a280bdb744aeae73b7ef25fdf8db7a3bb776760a3648e2"
      url: "https://pub.dev"
    source: hosted
    version: "3.3.1"
  flutter_secure_storage:
    dependency: transitive
    description:
      name: flutter_secure_storage
      sha256: "7686b1d6a29985dcbb808c59518226e603e3bfa7c0ddfd1a0d00e4cda77c868e"
      url: "https://pub.dev"
    source: hosted
    version: "10.3.1"
  flutter_secure_storage_darwin:
    dependency: transitive
    description:
      name: flutter_secure_storage_darwin
      sha256: "82329fa5cdf343773b1b6897dea959105a29f092454259edff92f9f6637e8149"
      url: "https://pub.dev"
    source: hosted
    version: "0.3.2"
  flutter_secure_storage_linux:
    dependency: transitive
    description:
      name: flutter_secure_storage_linux
      sha256: "76fa9c841b3b1619fc5b5bc36efc7d158fa2356f223b6caeb1d0c80a54168546"
      url: "https://pub.dev"
    source: hosted
    version: "3.0.2"
  flutter_secure_storage_platform_interface:
    dependency: transitive
    description:
      name: flutter_secure_storage_platform_interface
      sha256: "8ceea1223bee3c6ac1a22dabd8feefc550e4729b3675de4b5900f55afcb435d6"
      url: "https://pub.dev"
    source: hosted
    version: "2.0.1"
  flutter_secure_storage_web:
    dependency: transitive
    description:
      name: flutter_secure_storage_web
      sha256: "073a62b3aeb866ab4ce795f960413948e51e5a42a9b0c8333b6daf5bb3208a1c"
      url: "https://pub.dev"
    source: hosted
    version: "2.1.1"
  flutter_secure_storage_windows:
    dependency: transitive
    description:
      name: flutter_secure_storage_windows
      sha256: "471951813a97006d899db4948acc654a4f28c440083ea08178935ce20b173ec1"
      url: "https://pub.dev"
    source: hosted
    version: "4.2.2"
  flutter_test:
    dependency: "direct dev"
    description: flutter
    source: sdk
    version: "0.0.0"
  flutter_web_plugins:
    dependency: transitive
    description: flutter
    source: sdk
    version: "0.0.0"
  font_awesome_flutter:
    dependency: "direct main"
    description:
      name: font_awesome_flutter
      sha256: "09dcde8ab90ffae1a7d65ff2ef96fc62a17ad9d0ce7c127b317ded676b0d5935"
      url: "https://pub.dev"
    source: hosted
    version: "11.0.0"
  form_builder_validators:
    dependency: transitive
    description:
      name: form_builder_validators
      sha256: cd9a06b35abaed8bf050467c1239e3ee1c8795f42d4cb6568c08dbb8a4d6bd36
      url: "https://pub.dev"
    source: hosted
    version: "11.3.0"
  frontend_server_client:
    dependency: transitive
    description:
      name: frontend_server_client
      sha256: f64a0333a82f30b0cca061bc3d143813a486dc086b574bfb233b7c1372427694
      url: "https://pub.dev"
    source: hosted
    version: "4.0.0"
  gap:
    dependency: transitive
    description:
      name: gap
      sha256: f19387d4e32f849394758b91377f9153a1b41d79513ef7668c088c77dbc6955d
      url: "https://pub.dev"
    source: hosted
    version: "3.0.1"
  glob:
    dependency: transitive
    description:
      name: glob
      sha256: c3f1ee72c96f8f78935e18aa8cecced9ab132419e8625dc187e1c2408efc20de
      url: "https://pub.dev"
    source: hosted
    version: "2.1.3"
  html:
    dependency: transitive
    description:
      name: html
      sha256: "3a7812d5bcd2894edf53dfaf8cd640876cf6cef50a8f238745c8b8120ea74d3a"
      url: "https://pub.dev"
    source: hosted
    version: "0.15.4"
  http:
    dependency: "direct main"
    description:
      name: http
      sha256: "87721a4a50b19c7f1d49001e51409bddc46303966ce89a65af4f4e6004896412"
      url: "https://pub.dev"
    source: hosted
    version: "1.6.0"
  http_multi_server:
    dependency: transitive
    description:
      name: http_multi_server
      sha256: aa6199f908078bb1c5efb8d8638d4ae191aac11b311132c3ef48ce352fb52ef8
      url: "https://pub.dev"
    source: hosted
    version: "3.2.2"
  http_parser:
    dependency: transitive
    description:
      name: http_parser
      sha256: "2aa08ce0341cc9b354a498388e30986515406668dbcc4f7c950c3e715496693b"
      url: "https://pub.dev"
    source: hosted
    version: "4.0.2"
  image:
    dependency: transitive
    description:
      name: image
      sha256: "1976370a4df3091bb0f72409c187ad1f9132a818bc6b95ca59c0bae1c75c688e"
      url: "https://pub.dev"
    source: hosted
    version: "4.9.2"
  intl:
    dependency: "direct main"
    description:
      name: intl
      sha256: "1ca20c894b1717686a2319b8548763d812bc0aabdac580420a44c5178c57a867"
      url: "https://pub.dev"
    source: hosted
    version: "0.20.3"
  io:
    dependency: transitive
    description:
      name: io
      sha256: dfd5a80599cf0165756e3181807ed3e77daf6dd4137caaad72d0b7931597650b
      url: "https://pub.dev"
    source: hosted
    version: "1.0.5"
  jose_plus:
    dependency: transitive
    description:
      name: jose_plus
      sha256: f756c7336ba0a11339e26956a7d1cebba54490a1b1e250a18ec6647341d09129
      url: "https://pub.dev"
    source: hosted
    version: "1.0.0"
  json_annotation:
    dependency: transitive
    description:
      name: json_annotation
      sha256: "2a743920d81b7910627f68ee2c9ac1fc0bfee32b9fc3403587d7c6791ca12f80"
      url: "https://pub.dev"
    source: hosted
    version: "4.12.0"
  jwt_decoder:
    dependency: transitive
    description:
      name: jwt_decoder
      sha256: "54774aebf83f2923b99e6416b4ea915d47af3bde56884eb622de85feabbc559f"
      url: "https://pub.dev"
    source: hosted
    version: "2.0.1"
  leak_tracker:
    dependency: transitive
    description:
      name: leak_tracker
      sha256: "33e2e26bdd85a0112ec15400c8cbffea70d0f9c3407491f672a2fad47915e2de"
      url: "https://pub.dev"
    source: hosted
    version: "11.0.2"
  leak_tracker_flutter_testing:
    dependency: transitive
    description:
      name: leak_tracker_flutter_testing
      sha256: "1dbc140bb5a23c75ea9c4811222756104fbcd1a27173f0c34ca01e16bea473c1"
      url: "https://pub.dev"
    source: hosted
    version: "3.0.10"
  leak_tracker_testing:
    dependency: transitive
    description:
      name: leak_tracker_testing
      sha256: "8d5a2d49f4a66b49744b23b018848400d23e54caf9463f4eb20df3eb8acb2eb1"
      url: "https://pub.dev"
    source: hosted
    version: "3.0.2"
  lints:
    dependency: transitive
    description:
      name: lints
      sha256: "12f842a479589fea194fe5c5a3095abc7be0c1f2ddfa9a0e76aed1dbd26a87df"
      url: "https://pub.dev"
    source: hosted
    version: "6.1.0"
  loading_indicator:
    dependency: "direct main"
    description:
      name: loading_indicator
      sha256: "2307a5160ddb888a09afbdb923a34d68b0d77c81f28cf3e54c4d6da593bd0c28"
      url: "https://pub.dev"
    source: hosted
    version: "4.0.2"
  logging:
    dependency: transitive
    description:
      name: logging
      sha256: c8245ada5f1717ed44271ed1c26b8ce85ca3228fd2ffdb75468ab01979309d61
      url: "https://pub.dev"
    source: hosted
    version: "1.3.0"
  markdown:
    dependency: transitive
    description:
      name: markdown
      sha256: ee85086ad7698b42522c6ad42fe195f1b9898e4d974a1af4576c1a3a176cada9
      url: "https://pub.dev"
    source: hosted
    version: "7.3.1"
  markdown_tooltip:
    dependency: transitive
    description:
      name: markdown_tooltip
      sha256: a2a47673d24c921be25fc04341bf3a865a1b6c5c6356dff0bee3f1fa122757ca
      url: "https://pub.dev"
    source: hosted
    version: "0.0.10"
  matcher:
    dependency: transitive
    description:
      name: matcher
      sha256: "31bd099b47c10cd1aeb55146a2d46ce0277630ecef3f7dae54ad7873f36696cd"
      url: "https://pub.dev"
    source: hosted
    version: "0.12.20"
  material_color_utilities:
    dependency: transitive
    description:
      name: material_color_utilities
      sha256: "9c337007e82b1889149c82ed242ed1cb24a66044e30979c44912381e9be4c48b"
      url: "https://pub.dev"
    source: hosted
    version: "0.13.0"
  meta:
    dependency: transitive
    description:
      name: meta
      sha256: "307249ce4ff29d58a18e97f6345f539382eb9c9c29ecda628900f31de0443dd9"
      url: "https://pub.dev"
    source: hosted
    version: "1.19.0"
  mime:
    dependency: transitive
    description:
      name: mime
      sha256: bd47de35f07e27267e69c8c8b22edf9473bfee170a60d60fcc93730c5144b7f6
      url: "https://pub.dev"
    source: hosted
    version: "2.1.0"
  node_preamble:
    dependency: transitive
    description:
      name: node_preamble
      sha256: "6e7eac89047ab8a8d26cf16127b5ed26de65209847630400f9aefd7cd5c730db"
      url: "https://pub.dev"
    source: hosted
    version: "2.0.2"
  nonce:
    dependency: transitive
    description:
      name: nonce
      sha256: bd279f698c9f641a64375a17040bd899061e46bdb9aa65bf846838bd3b8b437f
      url: "https://pub.dev"
    source: hosted
    version: "1.2.0"
  oidc:
    dependency: transitive
    description:
      name: oidc
      sha256: f99dd9f4a1ad03b48f275c9c37ed87430d286a278d4ef574bffc4f03f5dab391
      url: "https://pub.dev"
    source: hosted
    version: "4.0.0"
  oidc_android:
    dependency: transitive
    description:
      name: oidc_android
      sha256: "83007af797ff2c2c6fa25f2797d60c785df36462cbd38abf89e682f6fd3cff58"
      url: "https://pub.dev"
    source: hosted
    version: "3.0.0"
  oidc_core:
    dependency: transitive
    description:
      name: oidc_core
      sha256: abfe25a21c24f81ae5b5173c7afbbbb74d4baa076e62f2b9677286ed7cfc1ba0
      url: "https://pub.dev"
    source: hosted
    version: "3.0.0"
  oidc_darwin:
    dependency: transitive
    description:
      name: oidc_darwin
      sha256: c6688c11483bf134781e4db1190520c0cf420218a8abf9e75cb951991c08be2d
      url: "https://pub.dev"
    source: hosted
    version: "1.1.2"
  oidc_default_store:
    dependency: transitive
    description:
      name: oidc_default_store
      sha256: f30ff5f2e0fbaa212e613fcf90fcf90bf53f80bacbc62228a0806014853ea957
      url: "https://pub.dev"
    source: hosted
    version: "1.1.2"
  oidc_desktop:
    dependency: transitive
    description:
      name: oidc_desktop
      sha256: "59b7d24c10f41952ba9f930a916a0cd6d53e009768bf36ed70de155496c1f23c"
      url: "https://pub.dev"
    source: hosted
    version: "1.1.0"
  oidc_linux:
    dependency: transitive
    description:
      name: oidc_linux
      sha256: b2db08ea2c4d6fa1352a0e67043ed96b35b13a06be9b7f20878c85c90880e9fd
      url: "https://pub.dev"
    source: hosted
    version: "1.0.3"
  oidc_loopback_listener:
    dependency: transitive
    description:
      name: oidc_loopback_listener
      sha256: "03b95ecfe8d7438cab495eb2dd3ab955353c013773adcfb3d7f371abad5a0e43"
      url: "https://pub.dev"
    source: hosted
    version: "1.1.0"
  oidc_platform_interface:
    dependency: transitive
    description:
      name: oidc_platform_interface
      sha256: "835cfd0a612c79a2aaf124ac8eac75559de0f66501abe767a5b558af38ad8eb2"
      url: "https://pub.dev"
    source: hosted
    version: "1.0.3"
  oidc_web:
    dependency: transitive
    description:
      name: oidc_web
      sha256: fc509e20843d1a3134d55a85745468dba7037175b08bf26f1faf232dc79e168b
      url: "https://pub.dev"
    source: hosted
    version: "1.0.3"
  oidc_web_core:
    dependency: transitive
    description:
      name: oidc_web_core
      sha256: "6b664cbf2f80b7dd1e38f55604bd2106e3e30ebd319f89ecfc82ada1743c4124"
      url: "https://pub.dev"
    source: hosted
    version: "1.2.0"
  oidc_windows:
    dependency: transitive
    description:
      name: oidc_windows
      sha256: "53e4534739557fe0c0807da561e2df0faad4c5394d7ac698421fd806f8527d8a"
      url: "https://pub.dev"
    source: hosted
    version: "1.0.3"
  package_config:
    dependency: transitive
    description:
      name: package_config
      sha256: f096c55ebb7deb7e384101542bfba8c52696c1b56fca2eb62827989ef2353bbc
      url: "https://pub.dev"
    source: hosted
    version: "2.2.0"
  package_info_plus:
    dependency: transitive
    description:
      name: package_info_plus
      sha256: "127e1751e37ffb2ff4658beeaca77bad0c27bf5f932bd3a501c2296926d4b481"
      url: "https://pub.dev"
    source: hosted
    version: "10.2.1"
  package_info_plus_platform_interface:
    dependency: transitive
    description:
      name: package_info_plus_platform_interface
      sha256: db762cb2f4f25ee60fb6359773861b0f199e00b90d237bd85a76a1e806b46ef4
      url: "https://pub.dev"
    source: hosted
    version: "4.1.0"
  path:
    dependency: transitive
    description:
      name: path
      sha256: "75cca69d1490965be98c73ceaea117e8a04dd21217b37b292c9ddbec0d955bc5"
      url: "https://pub.dev"
    source: hosted
    version: "1.9.1"
  path_parsing:
    dependency: transitive
    description:
      name: path_parsing
      sha256: e3e67b1629e6f7e8100b367d3db6ba6af4b1f0bb80f64db18ef1fbabd2fa9ccf
      url: "https://pub.dev"
    source: hosted
    version: "1.0.1"
  path_provider:
    dependency: transitive
    description:
      name: path_provider
      sha256: a7f4874f987173da295a61c181b8ee71dab59b332a486b391babf26a1b884825
      url: "https://pub.dev"
    source: hosted
    version: "2.1.6"
  path_provider_android:
    dependency: transitive
    description:
      name: path_provider_android
      sha256: "9c96da072b421e98183f9ea7464898428e764bc0ce5567f27ec8693442e72514"
      url: "https://pub.dev"
    source: hosted
    version: "2.2.5"
  path_provider_foundation:
    dependency: transitive
    description:
      name: path_provider_foundation
      sha256: f234384a3fdd67f989b4d54a5d73ca2a6c422fa55ae694381ae0f4375cd1ea16
      url: "https://pub.dev"
    source: hosted
    version: "2.4.0"
  path_provider_linux:
    dependency: transitive
    description:
      name: path_provider_linux
      sha256: f7a1fe3a634fe7734c8d3f2766ad746ae2a2884abe22e241a8b301bf5cac3279
      url: "https://pub.dev"
    source: hosted
    version: "2.2.1"
  path_provider_platform_interface:
    dependency: transitive
    description:
      name: path_provider_platform_interface
      sha256: "88f5779f72ba699763fa3a3b06aa4bf6de76c8e5de842cf6f29e2e06476c2334"
      url: "https://pub.dev"
    source: hosted
    version: "2.1.2"
  path_provider_windows:
    dependency: transitive
    description:
      name: path_provider_windows
      sha256: bd6f00dbd873bfb70d0761682da2b3a2c2fccc2b9e84c495821639601d81afe7
      url: "https://pub.dev"
    source: hosted
    version: "2.3.0"
  pdf:
    dependency: "direct main"
    description:
      name: pdf
      sha256: "517df47af468734a23c8b513c0c6a8a62357403ab1b8ab7fad1606576a9dbdd0"
      url: "https://pub.dev"
    source: hosted
    version: "3.13.0"
  pdf_widget_wrapper:
    dependency: transitive
    description:
      name: pdf_widget_wrapper
      sha256: c930860d987213a3d58c7ec3b7ecf8085c3897f773e8dc23da9cae60a5d6d0f5
      url: "https://pub.dev"
    source: hosted
    version: "1.0.4"
  petitparser:
    dependency: transitive
    description:
      name: petitparser
      sha256: "91bd59303e9f769f108f8df05e371341b15d59e995e6806aefab827b58336675"
      url: "https://pub.dev"
    source: hosted
    version: "7.0.2"
  platform:
    dependency: transitive
    description:
      name: platform
      sha256: "12220bb4b65720483f8fa9450b4332347737cf8213dd2840d8b2c823e47243ec"
      url: "https://pub.dev"
    source: hosted
    version: "3.1.4"
  plugin_platform_interface:
    dependency: transitive
    description:
      name: plugin_platform_interface
      sha256: "4820fbfdb9478b1ebae27888254d445073732dae3d6ea81f0b7e06d5dedc3f02"
      url: "https://pub.dev"
    source: hosted
    version: "2.1.8"
  pointycastle:
    dependency: transitive
    description:
      name: pointycastle
      sha256: "92aa3841d083cc4b0f4709b5c74fd6409a3e6ba833ffc7dc6a8fee096366acf5"
      url: "https://pub.dev"
    source: hosted
    version: "4.0.0"
  pool:
    dependency: transitive
    description:
      name: pool
      sha256: "978783255c543aa3586a1b3c21f6e9d720eb315376a915872c61ef8b5c20177d"
      url: "https://pub.dev"
    source: hosted
    version: "1.5.2"
  posix:
    dependency: transitive
    description:
      name: posix
      sha256: "185ef7606574f789b40f289c233efa52e96dead518aed988e040a10737febb07"
      url: "https://pub.dev"
    source: hosted
    version: "6.5.0"
  printing:
    dependency: "direct main"
    description:
      name: printing
      sha256: f6cd14c768c1352dd37a958a3ee351aa9ce305b398218d3acd86389d5f7ecad1
      url: "https://pub.dev"
    source: hosted
    version: "5.15.0"
  pub_semver:
    dependency: transitive
    description:
      name: pub_semver
      sha256: "5bfcf68ca79ef689f8990d1160781b4bad40a3bd5e5218ad4076ddb7f4081585"
      url: "https://pub.dev"
    source: hosted
    version: "2.2.0"
  qr:
    dependency: transitive
    description:
      name: qr
      sha256: "64957a3930367bf97cc211a5af99551d630f2f4625e38af10edd6b19131b64b3"
      url: "https://pub.dev"
    source: hosted
    version: "3.0.1"
  rdf:
    dependency: "direct main"
    description:
      name: rdf
      sha256: db12eb9adee406b735ff12bb7b8a2eecef40e624b1864021e93443068a9a5585
      url: "https://pub.dev"
    source: hosted
    version: "1.0.0"
  retry:
    dependency: transitive
    description:
      name: retry
      sha256: "822e118d5b3aafed083109c72d5f484c6dc66707885e07c0fbcb8b986bba7efc"
      url: "https://pub.dev"
    source: hosted
    version: "3.1.2"
  riverpod:
    dependency: transitive
    description:
      name: riverpod
      sha256: "8c22216be8ad3ef2b44af3a329693558c98eca7b8bd4ef495c92db0bba279f83"
      url: "https://pub.dev"
    source: hosted
    version: "3.2.1"
  screen_retriever:
    dependency: transitive
    description:
      name: screen_retriever
      sha256: ace919117a7520c13a50a6259e60c4a0d4cbe98809468792a91b5c5adada2aa6
      url: "https://pub.dev"
    source: hosted
    version: "0.2.2"
  screen_retriever_linux:
    dependency: transitive
    description:
      name: screen_retriever_linux
      sha256: "7b52006a5ceae1f3d5af7f77188c3290d6e7d8ded16d99809bea84967c65c257"
      url: "https://pub.dev"
    source: hosted
    version: "0.2.2"
  screen_retriever_macos:
    dependency: transitive
    description:
      name: screen_retriever_macos
      sha256: a1489b99cce597c45a54b9aae1cd94c8d4705353b7e0bb2457a6e4de44e0ad8a
      url: "https://pub.dev"
    source: hosted
    version: "0.2.2"
  screen_retriever_platform_interface:
    dependency: transitive
    description:
      name: screen_retriever_platform_interface
      sha256: "94a5535277510a63184ca178ce12a1449bc0b38618879aa1c18bf57369c5064a"
      url: "https://pub.dev"
    source: hosted
    version: "0.2.2"
  screen_retriever_windows:
    dependency: transitive
    description:
      name: screen_retriever_windows
      sha256: dafc6922b0bfbf1d48cf3ccbf519b4fff47bdcb820da1728ea6db675fecc9324
      url: "https://pub.dev"
    source: hosted
    version: "0.2.2"
  share_plus:
    dependency: transitive
    description:
      name: share_plus
      sha256: "34f00f9becd2743c1fb05363d624f9f70d37f7ccdcdda47450bc0b8c9d327b8c"
      url: "https://pub.dev"
    source: hosted
    version: "13.3.0"
  share_plus_platform_interface:
    dependency: transitive
    description:
      name: share_plus_platform_interface
      sha256: "365ef7379fc22507256adda3385152942ffce08935452bc972c2e52a0bebae41"
      url: "https://pub.dev"
    source: hosted
    version: "7.2.0"
  shared_preferences:
    dependency: transitive
    description:
      name: shared_preferences
      sha256: c3025c5534b01739267eb7d76959bbc25a6d10f6988e1c2a3036940133dd10bf
      url: "https://pub.dev"
    source: hosted
    version: "2.5.5"
  shared_preferences_android:
    dependency: transitive
    description:
      name: shared_preferences_android
      sha256: "83af5c682796c0f7719c2bbf74792d113e40ae97981b8f266fa84574573556bc"
      url: "https://pub.dev"
    source: hosted
    version: "2.4.18"
  shared_preferences_foundation:
    dependency: transitive
    description:
      name: shared_preferences_foundation
      sha256: "4e7eaffc2b17ba398759f1151415869a34771ba11ebbccd1b0145472a619a64f"
      url: "https://pub.dev"
    source: hosted
    version: "2.5.6"
  shared_preferences_linux:
    dependency: transitive
    description:
      name: shared_preferences_linux
      sha256: "580abfd40f415611503cae30adf626e6656dfb2f0cee8f465ece7b6defb40f2f"
      url: "https://pub.dev"
    source: hosted
    version: "2.4.1"
  shared_preferences_platform_interface:
    dependency: transitive
    description:
      name: shared_preferences_platform_interface
      sha256: "57cbf196c486bc2cf1f02b85784932c6094376284b3ad5779d1b1c6c6a816b80"
      url: "https://pub.dev"
    source: hosted
    version: "2.4.1"
  shared_preferences_web:
    dependency: transitive
    description:
      name: shared_preferences_web
      sha256: c49bd060261c9a3f0ff445892695d6212ff603ef3115edbb448509d407600019
      url: "https://pub.dev"
    source: hosted
    version: "2.4.3"
  shared_preferences_windows:
    dependency: transitive
    description:
      name: shared_preferences_windows
      sha256: "94ef0f72b2d71bc3e700e025db3710911bd51a71cefb65cc609dd0d9a982e3c1"
      url: "https://pub.dev"
    source: hosted
    version: "2.4.1"
  shelf:
    dependency: transitive
    description:
      name: shelf
      sha256: ad29c505aee705f41a4d8963641f91ac4cee3c8fad5947e033390a7bd8180fa4
      url: "https://pub.dev"
    source: hosted
    version: "1.4.1"
  shelf_packages_handler:
    dependency: transitive
    description:
      name: shelf_packages_handler
      sha256: "89f967eca29607c933ba9571d838be31d67f53f6e4ee15147d5dc2934fee1b1e"
      url: "https://pub.dev"
    source: hosted
    version: "3.0.2"
  shelf_static:
    dependency: transitive
    description:
      name: shelf_static
      sha256: c87c3875f91262785dade62d135760c2c69cb217ac759485334c5857ad89f6e3
      url: "https://pub.dev"
    source: hosted
    version: "1.1.3"
  shelf_web_socket:
    dependency: transitive
    description:
      name: shelf_web_socket
      sha256: "3632775c8e90d6c9712f883e633716432a27758216dfb61bd86a8321c0580925"
      url: "https://pub.dev"
    source: hosted
    version: "3.0.0"
  sky_engine:
    dependency: transitive
    description: flutter
    source: sdk
    version: "0.0.0"
  solid_auth:
    dependency: transitive
    description:
      name: solid_auth
      sha256: cfcab00689cf971c0f1a840b3df86e1bce468c9530fb04615ebbf7dca87cd9ae
      url: "https://pub.dev"
    source: hosted
    version: "1.0.7"
  solidpod:
    dependency: "direct main"
    description:
      name: solidpod
      sha256: "5d5968b0a361c0a56de4b5fd6f1daf981407b5560a1ecb9bad1cd64cab5f201b"
      url: "https://pub.dev"
    source: hosted
    version: "1.0.20"
  solidui:
    dependency: "direct main"
    description:
      name: solidui
      sha256: "4f2c9406c59d39d0affaf24877d92a5a63c034e94bfe922a9d87bf0fa58a479d"
      url: "https://pub.dev"
    source: hosted
    version: "1.0.39"
  source_map_stack_trace:
    dependency: transitive
    description:
      name: source_map_stack_trace
      sha256: c0713a43e323c3302c2abe2a1cc89aa057a387101ebd280371d6a6c9fa68516b
      url: "https://pub.dev"
    source: hosted
    version: "2.1.2"
  source_maps:
    dependency: transitive
    description:
      name: source_maps
      sha256: "190222579a448b03896e0ca6eca5998fa810fda630c1d65e2f78b3f638f54812"
      url: "https://pub.dev"
    source: hosted
    version: "0.10.13"
  source_span:
    dependency: transitive
    description:
      name: source_span
      sha256: "53e943d4206a5e30df338fd4c6e7a077e02254531b138a15aec3bd143c1a8b3c"
      url: "https://pub.dev"
    source: hosted
    version: "1.10.0"
  stack_trace:
    dependency: transitive
    description:
      name: stack_trace
      sha256: "8b27215b45d22309b5cddda1aa2b19bdfec9df0e765f2de506401c071d38d1b1"
      url: "https://pub.dev"
    source: hosted
    version: "1.12.1"
  state_notifier:
    dependency: transitive
    description:
      name: state_notifier
      sha256: b8677376aa54f2d7c58280d5a007f9e8774f1968d1fb1c096adcb4792fba29bb
      url: "https://pub.dev"
    source: hosted
    version: "1.0.0"
  stream_channel:
    dependency: transitive
    description:
      name: stream_channel
      sha256: "969e04c80b8bcdf826f8f16579c7b14d780458bd97f56d107d3950fdbeef059d"
      url: "https://pub.dev"
    source: hosted
    version: "2.1.4"
  string_scanner:
    dependency: transitive
    description:
      name: string_scanner
      sha256: "688af5ed3402a4bde5b3a6c15fd768dbf2621a614950b17f04626c431ab3c4c3"
      url: "https://pub.dev"
    source: hosted
    version: "1.3.0"
  term_glyph:
    dependency: transitive
    description:
      name: term_glyph
      sha256: a29248a84fbb7c79282b40b8c72a1209db169a2e0542bce341da992fe1bc7e84
      url: "https://pub.dev"
    source: hosted
    version: "1.2.1"
  test:
    dependency: transitive
    description:
      name: test
      sha256: ca578dc12bb8b2f40b67b7d3bd2fac4f31c01a6ff7130a14e2597b919934507f
      url: "https://pub.dev"
    source: hosted
    version: "1.31.1"
  test_api:
    dependency: transitive
    description:
      name: test_api
      sha256: "2a122cbe059f8b610d3a5415f42e255b6c17b1f21eee1d960f31080237fb4f11"
      url: "https://pub.dev"
    source: hosted
    version: "0.7.12"
  test_core:
    dependency: transitive
    description:
      name: test_core
      sha256: d2e98ec12998368dc59ddd47ab709f2cd55acd6b66dc7db764455a44082f4bc5
      url: "https://pub.dev"
    source: hosted
    version: "0.6.18"
  typed_data:
    dependency: transitive
    description:
      name: typed_data
      sha256: facc8d6582f16042dd49f2463ff1bd6e2c9ef9f3d5da3d9b087e244a7b564b3c
      url: "https://pub.dev"
    source: hosted
    version: "1.3.2"
  universal_html:
    dependency: "direct main"
    description:
      name: universal_html
      sha256: c0bcae5c733c60f26c7dfc88b10b0fd27cbcc45cb7492311cdaa6067e21c9cd4
      url: "https://pub.dev"
    source: hosted
    version: "2.3.0"
  universal_io:
    dependency: transitive
    description:
      name: universal_io
      sha256: f63cbc48103236abf48e345e07a03ce5757ea86285ed313a6a032596ed9301e2
      url: "https://pub.dev"
    source: hosted
    version: "2.3.1"
  url_launcher:
    dependency: "direct main"
    description:
      name: url_launcher
      sha256: f6a7e5c4835bb4e3026a04793a4199ca2d14c739ec378fdfe23fc8075d0439f8
      url: "https://pub.dev"
    source: hosted
    version: "6.3.2"
  url_launcher_android:
    dependency: transitive
    description:
      name: url_launcher_android
      sha256: "94d8ad05f44c6d4e2ffe5567ab4d741b82d62e3c8e288cc1fcea45965edf47c9"
      url: "https://pub.dev"
    source: hosted
    version: "6.3.8"
  url_launcher_ios:
    dependency: transitive
    description:
      name: url_launcher_ios
      sha256: "7068716403343f6ba4969b4173cbf3b84fc768042124bc2c011e5d782b24fe89"
      url: "https://pub.dev"
    source: hosted
    version: "6.3.0"
  url_launcher_linux:
    dependency: transitive
    description:
      name: url_launcher_linux
      sha256: "10f86fef4c2c43563fa6c211ff9cf757adf4d3ab762c56bd430664a947d70cd0"
      url: "https://pub.dev"
    source: hosted
    version: "3.2.3"
  url_launcher_macos:
    dependency: transitive
    description:
      name: url_launcher_macos
      sha256: "9a1a42d5d2d95400c795b2914c36fdcb525870c752569438e4ebb09a2b5d90de"
      url: "https://pub.dev"
    source: hosted
    version: "3.2.0"
  url_launcher_platform_interface:
    dependency: transitive
    description:
      name: url_launcher_platform_interface
      sha256: "552f8a1e663569be95a8190206a38187b531910283c3e982193e4f2733f01029"
      url: "https://pub.dev"
    source: hosted
    version: "2.3.2"
  url_launcher_web:
    dependency: transitive
    description:
      name: url_launcher_web
      sha256: "85c81589622fbc87c1c683aaea164d3604a7777495a79d91e39ffcdec39ddb34"
      url: "https://pub.dev"
    source: hosted
    version: "2.4.3"
  url_launcher_windows:
    dependency: transitive
    description:
      name: url_launcher_windows
      sha256: "6c5ad3f22cd4c38e089b81963b3cd7bb83b111b2df5dce008bb066162f42e429"
      url: "https://pub.dev"
    source: hosted
    version: "3.1.6"
  uuid:
    dependency: transitive
    description:
      name: uuid
      sha256: "9b129329f58692f6e6578329498a8fe9fbe98f090beb764ffbb8ee2eadd01dcd"
      url: "https://pub.dev"
    source: hosted
    version: "4.6.0"
  vector_math:
    dependency: transitive
    description:
      name: vector_math
      sha256: f36f9f3be64c6198714492bb455c11056e33e2f85d9a0b676a48301e44fdcf47
      url: "https://pub.dev"
    source: hosted
    version: "2.4.2"
  version_widget:
    dependency: transitive
    description:
      name: version_widget
      sha256: a504c7d0bfb789f9125d01a295d2d2ad6d31a7dadac92679ba04efc2edd419d4
      url: "https://pub.dev"
    source: hosted
    version: "1.0.10"
  vm_service:
    dependency: transitive
    description:
      name: vm_service
      sha256: f6be3ed8bd01289b34d679c2b62226f63c0e69f9fd2e50a6b3c1c729a961041b
      url: "https://pub.dev"
    source: hosted
    version: "14.3.0"
  watcher:
    dependency: transitive
    description:
      name: watcher
      sha256: "1398c9f081a753f9226febe8900fce8f7d0a67163334e1c94a2438339d79d635"
      url: "https://pub.dev"
    source: hosted
    version: "1.2.1"
  web:
    dependency: transitive
    description:
      name: web
      sha256: "868d88a33d8a87b18ffc05f9f030ba328ffefba92d6c127917a2ba740f9cfe4a"
      url: "https://pub.dev"
    source: hosted
    version: "1.1.1"
  web_socket:
    dependency: transitive
    description:
      name: web_socket
      sha256: "34d64019aa8e36bf9842ac014bb5d2f5586ca73df5e4d9bf5c936975cae6982c"
      url: "https://pub.dev"
    source: hosted
    version: "1.0.1"
  web_socket_channel:
    dependency: transitive
    description:
      name: web_socket_channel
      sha256: d645757fb0f4773d602444000a8131ff5d48c9e47adfe9772652dd1a4f2d45c8
      url: "https://pub.dev"
    source: hosted
    version: "3.0.3"
  webkit_inspection_protocol:
    dependency: transitive
    description:
      name: webkit_inspection_protocol
      sha256: "87d3f2333bb240704cd3f1c6b5b7acd8a10e7f0bc28c28dcf14e782014f4a572"
      url: "https://pub.dev"
    source: hosted
    version: "1.2.1"
  win32:
    dependency: transitive
    description:
      name: win32
      sha256: a0b93865d5644f11cf6a8c3f6db909f1ec168958b5805f6cc684adea957cd63d
      url: "https://pub.dev"
    source: hosted
    version: "6.4.0"
  window_manager:
    dependency: transitive
    description:
      name: window_manager
      sha256: "05c231fd7b23d2380f14c5cc10b7b93d60d4fa4a2fb4e0f032de27e44b5560e9"
      url: "https://pub.dev"
    source: hosted
    version: "0.5.2"
  window_to_front:
    dependency: transitive
    description:
      name: window_to_front
      sha256: "14fad8984db4415e2eeb30b04bb77140b180e260d6cb66b26de126a8657a9241"
      url: "https://pub.dev"
    source: hosted
    version: "0.0.4"
  windows_file_picker:
    dependency: transitive
    description:
      name: windows_file_picker
      sha256: d999c1c085374724668af0b674a9758d96255c50933faa2ac1cc51eff8308caf
      url: "https://pub.dev"
    source: hosted
    version: "1.2.0"
  x509_plus:
    dependency: transitive
    description:
      name: x509_plus
      sha256: "7ee0fe9516f02ad9541f7731b82477b88c712806b145879bda2cdde9b8254116"
      url: "https://pub.dev"
    source: hosted
    version: "1.0.0"
  xdg_directories:
    dependency: transitive
    description:
      name: xdg_directories
      sha256: faea9dee56b520b55a566385b84f2e8de55e7496104adada9962e0bd11bcff1d
      url: "https://pub.dev"
    source: hosted
    version: "1.0.4"
  xml:
    dependency: transitive
    description:
      name: xml
      sha256: "67f0aff7be013d107995e9b75bf4e7f2c3ef2dfdb2c8e68024bba0a7fd5756a4"
      url: "https://pub.dev"
    source: hosted
    version: "7.0.1"
  yaml:
    dependency: transitive
    description:
      name: yaml
      sha256: b9da305ac7c39faa3f030eccd175340f968459dae4af175130b3fc47e40d76ce
      url: "https://pub.dev"
    source: hosted
    version: "3.1.3"
sdks:
  dart: ">=3.12.0 <4.0.0"
  flutter: ">=3.47.0"
